
Microsoft Visual Studio Solution File, Format Version 12.00
# Visual Studio Version 17
VisualStudioVersion = 17.14.36301.6 d17.14
MinimumVisualStudioVersion = 10.0.40219.1
Project("{FAE04EC0-301F-11D3-BF4B-00C04F79EFBC}") = "HealthWebApp_Authenticated", "HealthWebApp_Authenticated\HealthWebApp_Authenticated.csproj", "{A866FDC6-2AF0-4818-8577-D74C6E485814}"
EndProject
Global
	GlobalSection(SolutionConfigurationPlatforms) = preSolution
		Debug|Any CPU = Debug|Any CPU
		Release|Any CPU = Release|Any CPU
	EndGlobalSection
	GlobalSection(ProjectConfigurationPlatforms) = postSolution
		{A866FDC6-2AF0-4818-8577-D74C6E485814}.Debug|Any CPU.ActiveCfg = Debug|Any CPU
		{A866FDC6-2AF0-4818-8577-D74C6E485814}.Debug|Any CPU.Build.0 = Debug|Any CPU
		{A866FDC6-2AF0-4818-8577-D74C6E485814}.Release|Any CPU.ActiveCfg = Release|Any CPU
		{A866FDC6-2AF0-4818-8577-D74C6E485814}.Release|Any CPU.Build.0 = Release|Any CPU
	EndGlobalSection
	GlobalSection(SolutionProperties) = preSolution
		HideSolutionNode = FALSE
	EndGlobalSection
	GlobalSection(ExtensibilityGlobals) = postSolution
		SolutionGuid = {07CF624D-0BD8-448F-B408-A8D9273AE142}
	EndGlobalSection
EndGlobal
